
Microsoft Visual Studio Solution File, Format Version 12.00
# Visual Studio Version 17
VisualStudioVersion = 17.12.35707.178
MinimumVisualStudioVersion = 10.0.40219.1
Project("{FAE04EC0-301F-11D3-BF4B-00C04F79EFBC}") = "GroshieHub.Public.Presentation", "GroshieHub.Public.Presentation\GroshieHub.Public.Presentation.csproj", "{95A077D5-9A50-4A92-911F-AF31CC542641}"
EndProject
Project("{FAE04EC0-301F-11D3-BF4B-00C04F79EFBC}") = "GroshieHub.Public.Shared", "GroshieHub.Public.Shared\GroshieHub.Public.Shared.csproj", "{F4CD3D00-EA44-41E4-A9F5-53AA3DF963AF}"
EndProject
Project("{2150E333-8FDC-42A3-9474-1A3956D46DE8}") = "src", "src", "{7F3B4FC8-6882-43AC-9C73-09E2D9374565}"
EndProject
Project("{2150E333-8FDC-42A3-9474-1A3956D46DE8}") = "tests", "tests", "{E8DD7F48-9A3B-494E-8991-FA81F2B242BB}"
EndProject
Project("{FAE04EC0-301F-11D3-BF4B-00C04F79EFBC}") = "GroshieHub.Modules.Currencies.Core.Tests", "GroshieHub.Modules.Currencies.Core.Tests\GroshieHub.Modules.Currencies.Core.Tests.csproj", "{37492229-1A11-4C13-A974-F8CB4F412A5C}"
EndProject
Project("{FAE04EC0-301F-11D3-BF4B-00C04F79EFBC}") = "GroshieHub.Public.Core", "GroshieHub.Public.Core\GroshieHub.Public.Core.csproj", "{4B0CD3DD-9D9A-420E-9464-D85E0C58E34E}"
EndProject
Project("{FAE04EC0-301F-11D3-BF4B-00C04F79EFBC}") = "GroshieHub.Public.API", "GroshieHub.Public.API\GroshieHub.Public.API.csproj", "{3D85AF87-F51F-437F-8B18-70C58603CB0A}"
EndProject
Global
	GlobalSection(SolutionConfigurationPlatforms) = preSolution
		Debug|Any CPU = Debug|Any CPU
		Release|Any CPU = Release|Any CPU
	EndGlobalSection
	GlobalSection(ProjectConfigurationPlatforms) = postSolution
		{95A077D5-9A50-4A92-911F-AF31CC542641}.Debug|Any CPU.ActiveCfg = Debug|Any CPU
		{95A077D5-9A50-4A92-911F-AF31CC542641}.Debug|Any CPU.Build.0 = Debug|Any CPU
		{95A077D5-9A50-4A92-911F-AF31CC542641}.Release|Any CPU.ActiveCfg = Release|Any CPU
		{95A077D5-9A50-4A92-911F-AF31CC542641}.Release|Any CPU.Build.0 = Release|Any CPU
		{F4CD3D00-EA44-41E4-A9F5-53AA3DF963AF}.Debug|Any CPU.ActiveCfg = Debug|Any CPU
		{F4CD3D00-EA44-41E4-A9F5-53AA3DF963AF}.Debug|Any CPU.Build.0 = Debug|Any CPU
		{F4CD3D00-EA44-41E4-A9F5-53AA3DF963AF}.Release|Any CPU.ActiveCfg = Release|Any CPU
		{F4CD3D00-EA44-41E4-A9F5-53AA3DF963AF}.Release|Any CPU.Build.0 = Release|Any CPU
		{37492229-1A11-4C13-A974-F8CB4F412A5C}.Debug|Any CPU.ActiveCfg = Debug|Any CPU
		{37492229-1A11-4C13-A974-F8CB4F412A5C}.Debug|Any CPU.Build.0 = Debug|Any CPU
		{37492229-1A11-4C13-A974-F8CB4F412A5C}.Release|Any CPU.ActiveCfg = Release|Any CPU
		{37492229-1A11-4C13-A974-F8CB4F412A5C}.Release|Any CPU.Build.0 = Release|Any CPU
		{4B0CD3DD-9D9A-420E-9464-D85E0C58E34E}.Debug|Any CPU.ActiveCfg = Debug|Any CPU
		{4B0CD3DD-9D9A-420E-9464-D85E0C58E34E}.Debug|Any CPU.Build.0 = Debug|Any CPU
		{4B0CD3DD-9D9A-420E-9464-D85E0C58E34E}.Release|Any CPU.ActiveCfg = Release|Any CPU
		{4B0CD3DD-9D9A-420E-9464-D85E0C58E34E}.Release|Any CPU.Build.0 = Release|Any CPU
		{3D85AF87-F51F-437F-8B18-70C58603CB0A}.Debug|Any CPU.ActiveCfg = Debug|Any CPU
		{3D85AF87-F51F-437F-8B18-70C58603CB0A}.Debug|Any CPU.Build.0 = Debug|Any CPU
		{3D85AF87-F51F-437F-8B18-70C58603CB0A}.Release|Any CPU.ActiveCfg = Release|Any CPU
		{3D85AF87-F51F-437F-8B18-70C58603CB0A}.Release|Any CPU.Build.0 = Release|Any CPU
	EndGlobalSection
	GlobalSection(SolutionProperties) = preSolution
		HideSolutionNode = FALSE
	EndGlobalSection
	GlobalSection(NestedProjects) = preSolution
		{95A077D5-9A50-4A92-911F-AF31CC542641} = {7F3B4FC8-6882-43AC-9C73-09E2D9374565}
		{F4CD3D00-EA44-41E4-A9F5-53AA3DF963AF} = {7F3B4FC8-6882-43AC-9C73-09E2D9374565}
		{37492229-1A11-4C13-A974-F8CB4F412A5C} = {E8DD7F48-9A3B-494E-8991-FA81F2B242BB}
		{3D85AF87-F51F-437F-8B18-70C58603CB0A} = {7F3B4FC8-6882-43AC-9C73-09E2D9374565}
		{4B0CD3DD-9D9A-420E-9464-D85E0C58E34E} = {7F3B4FC8-6882-43AC-9C73-09E2D9374565}
	EndGlobalSection
EndGlobal
