
Microsoft Visual Studio Solution File, Format Version 12.00
# Visual Studio Version 17
VisualStudioVersion = 17.12.35707.178
MinimumVisualStudioVersion = 10.0.40219.1
Project("{FAE04EC0-301F-11D3-BF4B-00C04F79EFBC}") = "GroshieHub.Presentation", "GroshieHub.Presentation\GroshieHub.Presentation.csproj", "{95A077D5-9A50-4A92-911F-AF31CC542641}"
EndProject
Project("{FAE04EC0-301F-11D3-BF4B-00C04F79EFBC}") = "GroshieHub.Domain", "GroshieHub.Domain\GroshieHub.Domain.csproj", "{23EDFF72-F828-459C-9C8B-ACB7FC408217}"
EndProject
Project("{FAE04EC0-301F-11D3-BF4B-00C04F79EFBC}") = "GroshieHub.Shared", "GroshieHub.Shared\GroshieHub.Shared.csproj", "{F4CD3D00-EA44-41E4-A9F5-53AA3DF963AF}"
EndProject
Project("{FAE04EC0-301F-11D3-BF4B-00C04F79EFBC}") = "GroshieHub.Application", "GroshieHub.Application\GroshieHub.Application.csproj", "{493FC23E-236C-413C-8909-47637C8FC17F}"
EndProject
Project("{FAE04EC0-301F-11D3-BF4B-00C04F79EFBC}") = "GroshieHub.API", "GroshieHub.API\GroshieHub.API.csproj", "{E728BDD7-3481-41D9-976F-0322610DC944}"
EndProject
Project("{2150E333-8FDC-42A3-9474-1A3956D46DE8}") = "src", "src", "{7F3B4FC8-6882-43AC-9C73-09E2D9374565}"
EndProject
Project("{2150E333-8FDC-42A3-9474-1A3956D46DE8}") = "tests", "tests", "{E8DD7F48-9A3B-494E-8991-FA81F2B242BB}"
EndProject
Project("{FAE04EC0-301F-11D3-BF4B-00C04F79EFBC}") = "GroshieHub.Domain.Tests", "GroshieHub.Domain.Tests\GroshieHub.Domain.Tests.csproj", "{B0C4F98D-EF48-4A6A-BD6D-0F68BE68CADA}"
EndProject
Project("{FAE04EC0-301F-11D3-BF4B-00C04F79EFBC}") = "GroshieHub.Application.Tests", "GroshieHub.Application.Tests\GroshieHub.Application.Tests.csproj", "{37492229-1A11-4C13-A974-F8CB4F412A5C}"
EndProject
Global
	GlobalSection(SolutionConfigurationPlatforms) = preSolution
		Debug|Any CPU = Debug|Any CPU
		Release|Any CPU = Release|Any CPU
	EndGlobalSection
	GlobalSection(ProjectConfigurationPlatforms) = postSolution
		{95A077D5-9A50-4A92-911F-AF31CC542641}.Debug|Any CPU.ActiveCfg = Debug|Any CPU
		{95A077D5-9A50-4A92-911F-AF31CC542641}.Debug|Any CPU.Build.0 = Debug|Any CPU
		{95A077D5-9A50-4A92-911F-AF31CC542641}.Release|Any CPU.ActiveCfg = Release|Any CPU
		{95A077D5-9A50-4A92-911F-AF31CC542641}.Release|Any CPU.Build.0 = Release|Any CPU
		{23EDFF72-F828-459C-9C8B-ACB7FC408217}.Debug|Any CPU.ActiveCfg = Debug|Any CPU
		{23EDFF72-F828-459C-9C8B-ACB7FC408217}.Debug|Any CPU.Build.0 = Debug|Any CPU
		{23EDFF72-F828-459C-9C8B-ACB7FC408217}.Release|Any CPU.ActiveCfg = Release|Any CPU
		{23EDFF72-F828-459C-9C8B-ACB7FC408217}.Release|Any CPU.Build.0 = Release|Any CPU
		{F4CD3D00-EA44-41E4-A9F5-53AA3DF963AF}.Debug|Any CPU.ActiveCfg = Debug|Any CPU
		{F4CD3D00-EA44-41E4-A9F5-53AA3DF963AF}.Debug|Any CPU.Build.0 = Debug|Any CPU
		{F4CD3D00-EA44-41E4-A9F5-53AA3DF963AF}.Release|Any CPU.ActiveCfg = Release|Any CPU
		{F4CD3D00-EA44-41E4-A9F5-53AA3DF963AF}.Release|Any CPU.Build.0 = Release|Any CPU
		{493FC23E-236C-413C-8909-47637C8FC17F}.Debug|Any CPU.ActiveCfg = Debug|Any CPU
		{493FC23E-236C-413C-8909-47637C8FC17F}.Debug|Any CPU.Build.0 = Debug|Any CPU
		{493FC23E-236C-413C-8909-47637C8FC17F}.Release|Any CPU.ActiveCfg = Release|Any CPU
		{493FC23E-236C-413C-8909-47637C8FC17F}.Release|Any CPU.Build.0 = Release|Any CPU
		{E728BDD7-3481-41D9-976F-0322610DC944}.Debug|Any CPU.ActiveCfg = Debug|Any CPU
		{E728BDD7-3481-41D9-976F-0322610DC944}.Debug|Any CPU.Build.0 = Debug|Any CPU
		{E728BDD7-3481-41D9-976F-0322610DC944}.Release|Any CPU.ActiveCfg = Release|Any CPU
		{E728BDD7-3481-41D9-976F-0322610DC944}.Release|Any CPU.Build.0 = Release|Any CPU
		{B0C4F98D-EF48-4A6A-BD6D-0F68BE68CADA}.Debug|Any CPU.ActiveCfg = Debug|Any CPU
		{B0C4F98D-EF48-4A6A-BD6D-0F68BE68CADA}.Debug|Any CPU.Build.0 = Debug|Any CPU
		{B0C4F98D-EF48-4A6A-BD6D-0F68BE68CADA}.Release|Any CPU.ActiveCfg = Release|Any CPU
		{B0C4F98D-EF48-4A6A-BD6D-0F68BE68CADA}.Release|Any CPU.Build.0 = Release|Any CPU
		{37492229-1A11-4C13-A974-F8CB4F412A5C}.Debug|Any CPU.ActiveCfg = Debug|Any CPU
		{37492229-1A11-4C13-A974-F8CB4F412A5C}.Debug|Any CPU.Build.0 = Debug|Any CPU
		{37492229-1A11-4C13-A974-F8CB4F412A5C}.Release|Any CPU.ActiveCfg = Release|Any CPU
		{37492229-1A11-4C13-A974-F8CB4F412A5C}.Release|Any CPU.Build.0 = Release|Any CPU
	EndGlobalSection
	GlobalSection(SolutionProperties) = preSolution
		HideSolutionNode = FALSE
	EndGlobalSection
	GlobalSection(NestedProjects) = preSolution
		{95A077D5-9A50-4A92-911F-AF31CC542641} = {7F3B4FC8-6882-43AC-9C73-09E2D9374565}
		{23EDFF72-F828-459C-9C8B-ACB7FC408217} = {7F3B4FC8-6882-43AC-9C73-09E2D9374565}
		{F4CD3D00-EA44-41E4-A9F5-53AA3DF963AF} = {7F3B4FC8-6882-43AC-9C73-09E2D9374565}
		{493FC23E-236C-413C-8909-47637C8FC17F} = {7F3B4FC8-6882-43AC-9C73-09E2D9374565}
		{E728BDD7-3481-41D9-976F-0322610DC944} = {7F3B4FC8-6882-43AC-9C73-09E2D9374565}
		{B0C4F98D-EF48-4A6A-BD6D-0F68BE68CADA} = {E8DD7F48-9A3B-494E-8991-FA81F2B242BB}
		{37492229-1A11-4C13-A974-F8CB4F412A5C} = {E8DD7F48-9A3B-494E-8991-FA81F2B242BB}
	EndGlobalSection
EndGlobal
